
Microsoft Visual Studio Solution File, Format Version 12.00
# Visual Studio Version 16
VisualStudioVersion = 16.0.32901.82
MinimumVisualStudioVersion = 10.0.40219.1
Project("{9A19103F-16F7-4668-BE54-9A1E7A4F7556}") = "Zadanie11", "Zadanie11.csproj", "{8E543613-4CFD-4638-921A-2A1DD63BFCDA}"
EndProject
Global
	GlobalSection(SolutionConfigurationPlatforms) = preSolution
		Debug|Any CPU = Debug|Any CPU
		Release|Any CPU = Release|Any CPU
	EndGlobalSection
	GlobalSection(ProjectConfigurationPlatforms) = postSolution
		{8E543613-4CFD-4638-921A-2A1DD63BFCDA}.Debug|Any CPU.ActiveCfg = Debug|Any CPU
		{8E543613-4CFD-4638-921A-2A1DD63BFCDA}.Debug|Any CPU.Build.0 = Debug|Any CPU
		{8E543613-4CFD-4638-921A-2A1DD63BFCDA}.Release|Any CPU.ActiveCfg = Release|Any CPU
		{8E543613-4CFD-4638-921A-2A1DD63BFCDA}.Release|Any CPU.Build.0 = Release|Any CPU
	EndGlobalSection
	GlobalSection(SolutionProperties) = preSolution
		HideSolutionNode = FALSE
	EndGlobalSection
	GlobalSection(ExtensibilityGlobals) = postSolution
		SolutionGuid = {4D1E6CF9-6CDA-459F-A09A-F3E2BA18A665}
	EndGlobalSection
EndGlobal
